
Microsoft Visual Studio Solution File, Format Version 12.00
# Visual Studio Version 17
VisualStudioVersion = 17.9.34622.214
MinimumVisualStudioVersion = 10.0.40219.1
Project("{FAE04EC0-301F-11D3-BF4B-00C04F79EFBC}") = "PoraoVendasApp", "PoraoVendasApp\PoraoVendasApp.csproj", "{DD9408E4-5A90-4DAA-BE2B-E37C585CF68C}"
EndProject
Global
	GlobalSection(SolutionConfigurationPlatforms) = preSolution
		Debug|Any CPU = Debug|Any CPU
		Release|Any CPU = Release|Any CPU
	EndGlobalSection
	GlobalSection(ProjectConfigurationPlatforms) = postSolution
		{DD9408E4-5A90-4DAA-BE2B-E37C585CF68C}.Debug|Any CPU.ActiveCfg = Debug|Any CPU
		{DD9408E4-5A90-4DAA-BE2B-E37C585CF68C}.Debug|Any CPU.Build.0 = Debug|Any CPU
		{DD9408E4-5A90-4DAA-BE2B-E37C585CF68C}.Debug|Any CPU.Deploy.0 = Debug|Any CPU
		{DD9408E4-5A90-4DAA-BE2B-E37C585CF68C}.Release|Any CPU.ActiveCfg = Release|Any CPU
		{DD9408E4-5A90-4DAA-BE2B-E37C585CF68C}.Release|Any CPU.Build.0 = Release|Any CPU
		{DD9408E4-5A90-4DAA-BE2B-E37C585CF68C}.Release|Any CPU.Deploy.0 = Release|Any CPU
	EndGlobalSection
	GlobalSection(SolutionProperties) = preSolution
		HideSolutionNode = FALSE
	EndGlobalSection
	GlobalSection(ExtensibilityGlobals) = postSolution
		SolutionGuid = {5D1ABA38-77F8-4A27-B908-6ADC3D13BF17}
	EndGlobalSection
EndGlobal
